
Microsoft Visual Studio Solution File, Format Version 12.00
# Visual Studio Version 17
VisualStudioVersion = 17.3.32929.385
MinimumVisualStudioVersion = 10.0.40219.1
Project("{9A19103F-16F7-4668-BE54-9A1E7A4F7556}") = "Library", "Library\Library.csproj", "{865F1051-6E02-4610-948D-88813ED9720E}"
EndProject
Project("{9A19103F-16F7-4668-BE54-9A1E7A4F7556}") = "Website", "Website\Website.csproj", "{2563BA49-4ED7-46F3-9691-69FC3B8AF3A1}"
EndProject
Global
	GlobalSection(SolutionConfigurationPlatforms) = preSolution
		Debug|Any CPU = Debug|Any CPU
		Release|Any CPU = Release|Any CPU
	EndGlobalSection
	GlobalSection(ProjectConfigurationPlatforms) = postSolution
		{865F1051-6E02-4610-948D-88813ED9720E}.Debug|Any CPU.ActiveCfg = Debug|Any CPU
		{865F1051-6E02-4610-948D-88813ED9720E}.Debug|Any CPU.Build.0 = Debug|Any CPU
		{865F1051-6E02-4610-948D-88813ED9720E}.Release|Any CPU.ActiveCfg = Release|Any CPU
		{865F1051-6E02-4610-948D-88813ED9720E}.Release|Any CPU.Build.0 = Release|Any CPU
		{2563BA49-4ED7-46F3-9691-69FC3B8AF3A1}.Debug|Any CPU.ActiveCfg = Debug|Any CPU
		{2563BA49-4ED7-46F3-9691-69FC3B8AF3A1}.Debug|Any CPU.Build.0 = Debug|Any CPU
		{2563BA49-4ED7-46F3-9691-69FC3B8AF3A1}.Release|Any CPU.ActiveCfg = Release|Any CPU
		{2563BA49-4ED7-46F3-9691-69FC3B8AF3A1}.Release|Any CPU.Build.0 = Release|Any CPU
	EndGlobalSection
	GlobalSection(SolutionProperties) = preSolution
		HideSolutionNode = FALSE
	EndGlobalSection
	GlobalSection(ExtensibilityGlobals) = postSolution
		SolutionGuid = {5E104202-0DAE-4015-8B0E-CE0FBA74164E}
	EndGlobalSection
EndGlobal
